
Microsoft Visual Studio Solution File, Format Version 12.00
# Visual Studio 15
VisualStudioVersion = 15.0.28307.168
MinimumVisualStudioVersion = 10.0.40219.1
Project("{FAE04EC0-301F-11D3-BF4B-00C04F79EFBC}") = "Exo 2", "FirstTP\Exo 2.csproj", "{F622E038-FA0A-4B84-BC88-C1766EDEC23E}"
EndProject
Global
	GlobalSection(SolutionConfigurationPlatforms) = preSolution
		Debug|Any CPU = Debug|Any CPU
		Release|Any CPU = Release|Any CPU
	EndGlobalSection
	GlobalSection(ProjectConfigurationPlatforms) = postSolution
		{F622E038-FA0A-4B84-BC88-C1766EDEC23E}.Debug|Any CPU.ActiveCfg = Debug|Any CPU
		{F622E038-FA0A-4B84-BC88-C1766EDEC23E}.Debug|Any CPU.Build.0 = Debug|Any CPU
		{F622E038-FA0A-4B84-BC88-C1766EDEC23E}.Release|Any CPU.ActiveCfg = Release|Any CPU
		{F622E038-FA0A-4B84-BC88-C1766EDEC23E}.Release|Any CPU.Build.0 = Release|Any CPU
	EndGlobalSection
	GlobalSection(SolutionProperties) = preSolution
		HideSolutionNode = FALSE
	EndGlobalSection
	GlobalSection(ExtensibilityGlobals) = postSolution
		SolutionGuid = {BA8A8187-6C0F-4C64-8045-1FCAA4664414}
	EndGlobalSection
EndGlobal
